
Microsoft Visual Studio Solution File, Format Version 12.00
# Visual Studio 15
VisualStudioVersion = 15.0.28307.1022
MinimumVisualStudioVersion = 10.0.40219.1
Project("{8BC9CEB8-8B4A-11D0-8D11-00A0C91BC942}") = "GuangXiSoftware", "GuangXiSoftware\GuangXiSoftware.vcxproj", "{34BF4BF9-8E33-4A86-975B-F991EE301669}"
EndProject
Global
	GlobalSection(SolutionConfigurationPlatforms) = preSolution
		Debug|x64 = Debug|x64
		Release|x64 = Release|x64
	EndGlobalSection
	GlobalSection(ProjectConfigurationPlatforms) = postSolution
		{34BF4BF9-8E33-4A86-975B-F991EE301669}.Debug|x64.ActiveCfg = Debug|x64
		{34BF4BF9-8E33-4A86-975B-F991EE301669}.Debug|x64.Build.0 = Debug|x64
		{34BF4BF9-8E33-4A86-975B-F991EE301669}.Release|x64.ActiveCfg = Release|x64
		{34BF4BF9-8E33-4A86-975B-F991EE301669}.Release|x64.Build.0 = Release|x64
	EndGlobalSection
	GlobalSection(SolutionProperties) = preSolution
		HideSolutionNode = FALSE
	EndGlobalSection
	GlobalSection(ExtensibilityGlobals) = postSolution
		SolutionGuid = {75CD7FF7-F640-45AA-8E44-8E2CCEE3C43F}
	EndGlobalSection
EndGlobal
